{
  "name": "03-frontend",
  "lockfileVersion": 2,
  "requires": true,
  "packages": {
    "": {
      "dependencies": {
        "angular-es6": "^3.2.1"
      }
    },
    "node_modules/angular": {
      "version": "1.8.2",
      "resolved": "https://registry.npmjs.org/angular/-/angular-1.8.2.tgz",
      "integrity": "sha512-IauMOej2xEe7/7Ennahkbb5qd/HFADiNuLSESz9Q27inmi32zB0lnAsFeLEWcox3Gd1F6YhNd1CP7/9IukJ0Gw==",
      "peer": true
    },
    "node_modules/angular-es6": {
      "version": "3.2.1",
      "resolved": "https://registry.npmjs.org/angular-es6/-/angular-es6-3.2.1.tgz",
      "integrity": "sha1-q3SjfOM11zs+snPBm3U5yczN+mM=",
      "dependencies": {
        "events": "^1.1.0",
        "lodash": "^4.13.1"
      },
      "engines": {
        "node": ">= 0.10.0"
      },
      "peerDependencies": {
        "angular": "^1.2.0"
      }
    },
    "node_modules/events": {
      "version": "1.1.1",
      "resolved": "https://registry.npmjs.org/events/-/events-1.1.1.tgz",
      "integrity": "sha1-nr23Y1rQmccNzEwqH1AEKI6L2SQ=",
      "engines": {
        "node": ">=0.4.x"
      }
    },
    "node_modules/lodash": {
      "version": "4.17.21",
      "resolved": "https://registry.npmjs.org/lodash/-/lodash-4.17.21.tgz",
      "integrity": "sha512-v2kDEe57lecTulaDIuNTPy3Ry4gLGJ6Z1O3vE1krgXZNrsQ+LFTGHVxVjcXPs17LhbZVGedAJv8XZ1tvj5FvSg=="
    }
  },
  "dependencies": {
    "angular": {
      "version": "1.8.2",
      "resolved": "https://registry.npmjs.org/angular/-/angular-1.8.2.tgz",
      "integrity": "sha512-IauMOej2xEe7/7Ennahkbb5qd/HFADiNuLSESz9Q27inmi32zB0lnAsFeLEWcox3Gd1F6YhNd1CP7/9IukJ0Gw==",
      "peer": true
    },
    "angular-es6": {
      "version": "3.2.1",
      "resolved": "https://registry.npmjs.org/angular-es6/-/angular-es6-3.2.1.tgz",
      "integrity": "sha1-q3SjfOM11zs+snPBm3U5yczN+mM=",
      "requires": {
        "events": "^1.1.0",
        "lodash": "^4.13.1"
      }
    },
    "events": {
      "version": "1.1.1",
      "resolved": "https://registry.npmjs.org/events/-/events-1.1.1.tgz",
      "integrity": "sha1-nr23Y1rQmccNzEwqH1AEKI6L2SQ="
    },
    "lodash": {
      "version": "4.17.21",
      "resolved": "https://registry.npmjs.org/lodash/-/lodash-4.17.21.tgz",
      "integrity": "sha512-v2kDEe57lecTulaDIuNTPy3Ry4gLGJ6Z1O3vE1krgXZNrsQ+LFTGHVxVjcXPs17LhbZVGedAJv8XZ1tvj5FvSg=="
    }
  }
}
